<?xml version="1.0" encoding="utf-8"?>
<Project ToolsVersion="4.0" xmlns="http://schemas.microsoft.com/developer/msbuild/2003">
  <ItemGroup>
    <Filter Include="Drawable">
      <UniqueIdentifier>{A78C836F-9359-DE7A-BC72-CC22A89E1309}</UniqueIdentifier>
    </Filter>
    <Filter Include="Event">
      <UniqueIdentifier>{E70B220D-5320-4ABE-1CA2-ED1D887546EF}</UniqueIdentifier>
    </Filter>
    <Filter Include="Font">
      <UniqueIdentifier>{DC58857C-C88F-860D-717C-6C105D92020F}</UniqueIdentifier>
    </Filter>
    <Filter Include="GameObject">
      <UniqueIdentifier>{D652F52D-C20A-377B-2B12-10D717E9D16B}</UniqueIdentifier>
    </Filter>
    <Filter Include="GameState">
      <UniqueIdentifier>{A0AAD57D-0C15-8AF4-5553-3B9AC1FC6749}</UniqueIdentifier>
    </Filter>
    <Filter Include="Network">
      <UniqueIdentifier>{8F6A0D6C-FB49-8C07-0462-17DE70C0F268}</UniqueIdentifier>
    </Filter>
    <Filter Include="Texture">
      <UniqueIdentifier>{76AD313A-E28C-B0D5-EBA4-3BAC57031737}</UniqueIdentifier>
    </Filter>
    <Filter Include="Tilemap">
      <UniqueIdentifier>{11CCA442-7DAB-23DE-86C3-AEB4F2218A3F}</UniqueIdentifier>
    </Filter>
    <Filter Include="Timer">
      <UniqueIdentifier>{667B2A0E-D28F-52BF-9B11-F61E07E54EF0}</UniqueIdentifier>
    </Filter>
    <Filter Include="Window">
      <UniqueIdentifier>{3DEA79DA-298C-A4B0-1247-B804FE872B01}</UniqueIdentifier>
    </Filter>
    <Filter Include="algorithm">
      <UniqueIdentifier>{ECB2EEC4-581D-A33B-A15B-54E10D058190}</UniqueIdentifier>
    </Filter>
  </ItemGroup>
  <ItemGroup>
    <ClCompile Include="src\Drawable\Geometric.cpp">
      <Filter>Drawable</Filter>
    </ClCompile>
    <ClCompile Include="src\Event\Event.cpp">
      <Filter>Event</Filter>
    </ClCompile>
    <ClCompile Include="src\Font\TTFText.cpp">
      <Filter>Font</Filter>
    </ClCompile>
    <ClCompile Include="src\GameObject\GameObject.cpp">
      <Filter>GameObject</Filter>
    </ClCompile>
    <ClCompile Include="src\GameState\GameStateManager.cpp">
      <Filter>GameState</Filter>
    </ClCompile>
    <ClCompile Include="src\Network\UDPPacket.cpp">
      <Filter>Network</Filter>
    </ClCompile>
    <ClCompile Include="src\Texture\Texture.cpp">
      <Filter>Texture</Filter>
    </ClCompile>
    <ClCompile Include="src\Tilemap\Tilemap.cpp">
      <Filter>Tilemap</Filter>
    </ClCompile>
    <ClCompile Include="src\Timer\FPSManager.cpp">
      <Filter>Timer</Filter>
    </ClCompile>
    <ClCompile Include="src\Window\Window.cpp">
      <Filter>Window</Filter>
    </ClCompile>
    <ClCompile Include="src\algorithm\sort.cpp">
      <Filter>algorithm</Filter>
    </ClCompile>
    <ClCompile Include="src\main.cpp" />
  </ItemGroup>
  <ItemGroup>
    <None Include="packages.config" />
  </ItemGroup>
  <ItemGroup>
    <ClInclude Include="DrawableMatrix.h">
      <Filter>Drawable</Filter>
    </ClInclude>
  </ItemGroup>
</Project>